// !$*UTF8*$!
{
	archiveVersion = 1;
	classes = {
	};
	objectVersion = 46;
	objects = {

/* Begin PBXBuildFile section */
		AB5FD1C31EDF597000AC2A9D /* AppDelegate.swift in Sources */ = {isa = PBXBuildFile; fileRef = AB5FD1C21EDF597000AC2A9D /* AppDelegate.swift */; };
		AB5FD1C51EDF597000AC2A9D /* PortfolioVC.swift in Sources */ = {isa = PBXBuildFile; fileRef = AB5FD1C41EDF597000AC2A9D /* PortfolioVC.swift */; };
		AB5FD1C81EDF597000AC2A9D /* Main.storyboard in Resources */ = {isa = PBXBuildFile; fileRef = AB5FD1C61EDF597000AC2A9D /* Main.storyboard */; };
		AB5FD1CA1EDF597000AC2A9D /* Assets.xcassets in Resources */ = {isa = PBXBuildFile; fileRef = AB5FD1C91EDF597000AC2A9D /* Assets.xcassets */; };
		AB5FD1CD1EDF597000AC2A9D /* LaunchScreen.storyboard in Resources */ = {isa = PBXBuildFile; fileRef = AB5FD1CB1EDF597000AC2A9D /* LaunchScreen.storyboard */; };
		AB5FD1D51EDF59D800AC2A9D /* BoxView.xib in Resources */ = {isa = PBXBuildFile; fileRef = AB5FD1D41EDF59D800AC2A9D /* BoxView.xib */; };
		AB5FD1D71EDF5CDE00AC2A9D /* BoxView.swift in Sources */ = {isa = PBXBuildFile; fileRef = AB5FD1D61EDF5CDE00AC2A9D /* BoxView.swift */; };
		AB5FD1D91EDF5D4F00AC2A9D /* ThreeBoxTableViewCell.xib in Resources */ = {isa = PBXBuildFile; fileRef = AB5FD1D81EDF5D4F00AC2A9D /* ThreeBoxTableViewCell.xib */; };
		AB5FD1DB1EDF5E7A00AC2A9D /* ThreeBoxCell.swift in Sources */ = {isa = PBXBuildFile; fileRef = AB5FD1DA1EDF5E7A00AC2A9D /* ThreeBoxCell.swift */; };
		AB5FD1DD1EDF768C00AC2A9D /* NameAndAmountCell.xib in Resources */ = {isa = PBXBuildFile; fileRef = AB5FD1DC1EDF768C00AC2A9D /* NameAndAmountCell.xib */; };
		AB5FD1DF1EDF777500AC2A9D /* NameAndAmountCell.swift in Sources */ = {isa = PBXBuildFile; fileRef = AB5FD1DE1EDF777500AC2A9D /* NameAndAmountCell.swift */; };
		AB5FD1E11EDF79EF00AC2A9D /* SectionHeaderView.xib in Resources */ = {isa = PBXBuildFile; fileRef = AB5FD1E01EDF79EF00AC2A9D /* SectionHeaderView.xib */; };
		AB5FD1E31EDF7CBA00AC2A9D /* SectionHeaderView.swift in Sources */ = {isa = PBXBuildFile; fileRef = AB5FD1E21EDF7CBA00AC2A9D /* SectionHeaderView.swift */; };
		AB5FD1E51EDF7D4200AC2A9D /* BasicCell.xib in Resources */ = {isa = PBXBuildFile; fileRef = AB5FD1E41EDF7D4200AC2A9D /* BasicCell.xib */; };
		AB5FD1E71EDF7F6500AC2A9D /* BasicCell.swift in Sources */ = {isa = PBXBuildFile; fileRef = AB5FD1E61EDF7F6500AC2A9D /* BasicCell.swift */; };
		AB5FD1E91EDF90B800AC2A9D /* CreditBreakdownCell.xib in Resources */ = {isa = PBXBuildFile; fileRef = AB5FD1E81EDF90B800AC2A9D /* CreditBreakdownCell.xib */; };
		AB5FD1EB1EDF95F000AC2A9D /* CreditCircleView.xib in Resources */ = {isa = PBXBuildFile; fileRef = AB5FD1EA1EDF95F000AC2A9D /* CreditCircleView.xib */; };
		AB5FD1ED1EDF98D900AC2A9D /* CreditCircleView.swift in Sources */ = {isa = PBXBuildFile; fileRef = AB5FD1EC1EDF98D900AC2A9D /* CreditCircleView.swift */; };
		AB5FD1EF1EDFA62C00AC2A9D /* CreditBreakdownCell.swift in Sources */ = {isa = PBXBuildFile; fileRef = AB5FD1EE1EDFA62C00AC2A9D /* CreditBreakdownCell.swift */; };
		AB5FD1F11EE05D1600AC2A9D /* MaturityGraphCell.xib in Resources */ = {isa = PBXBuildFile; fileRef = AB5FD1F01EE05D1600AC2A9D /* MaturityGraphCell.xib */; };
		AB5FD1F31EE05DF700AC2A9D /* MaturityGraphCell.swift in Sources */ = {isa = PBXBuildFile; fileRef = AB5FD1F21EE05DF700AC2A9D /* MaturityGraphCell.swift */; };
		AB5FD1F51EE05FB500AC2A9D /* BondPositionCell.xib in Resources */ = {isa = PBXBuildFile; fileRef = AB5FD1F41EE05FB500AC2A9D /* BondPositionCell.xib */; };
		AB5FD1F71EE0601F00AC2A9D /* BondPositionCell.swift in Sources */ = {isa = PBXBuildFile; fileRef = AB5FD1F61EE0601F00AC2A9D /* BondPositionCell.swift */; };
		AB5FD1F91EE39A6600AC2A9D /* GraphViewSingleBarView.xib in Resources */ = {isa = PBXBuildFile; fileRef = AB5FD1F81EE39A6600AC2A9D /* GraphViewSingleBarView.xib */; };
		AB5FD1FB1EE39BA900AC2A9D /* GraphViewSingleBarView.swift in Sources */ = {isa = PBXBuildFile; fileRef = AB5FD1FA1EE39BA900AC2A9D /* GraphViewSingleBarView.swift */; };
		AB5FD1FD1EE39E0700AC2A9D /* GraphView.xib in Resources */ = {isa = PBXBuildFile; fileRef = AB5FD1FC1EE39E0700AC2A9D /* GraphView.xib */; };
		AB5FD1FF1EE39FF600AC2A9D /* GraphView.swift in Sources */ = {isa = PBXBuildFile; fileRef = AB5FD1FE1EE39FF600AC2A9D /* GraphView.swift */; };
		AB5FD2011EE3A16500AC2A9D /* GraphData.swift in Sources */ = {isa = PBXBuildFile; fileRef = AB5FD2001EE3A16500AC2A9D /* GraphData.swift */; };
		AB5FD2061EE457E000AC2A9D /* BondPositionInnerBox.xib in Resources */ = {isa = PBXBuildFile; fileRef = AB5FD2051EE457E000AC2A9D /* BondPositionInnerBox.xib */; };
		AB5FD2081EE458DA00AC2A9D /* BondPositionInnerBox.swift in Sources */ = {isa = PBXBuildFile; fileRef = AB5FD2071EE458DA00AC2A9D /* BondPositionInnerBox.swift */; };
/* End PBXBuildFile section */

/* Begin PBXFileReference section */
		AB5FD1BF1EDF597000AC2A9D /* EV Ladder Demo.app */ = {isa = PBXFileReference; explicitFileType = wrapper.application; includeInIndex = 0; path = "EV Ladder Demo.app"; sourceTree = BUILT_PRODUCTS_DIR; };
		AB5FD1C21EDF597000AC2A9D /* AppDelegate.swift */ = {isa = PBXFileReference; lastKnownFileType = sourcecode.swift; path = AppDelegate.swift; sourceTree = "<group>"; };
		AB5FD1C41EDF597000AC2A9D /* PortfolioVC.swift */ = {isa = PBXFileReference; lastKnownFileType = sourcecode.swift; path = PortfolioVC.swift; sourceTree = "<group>"; };
		AB5FD1C71EDF597000AC2A9D /* Base */ = {isa = PBXFileReference; lastKnownFileType = file.storyboard; name = Base; path = Base.lproj/Main.storyboard; sourceTree = "<group>"; };
		AB5FD1C91EDF597000AC2A9D /* Assets.xcassets */ = {isa = PBXFileReference; lastKnownFileType = folder.assetcatalog; path = Assets.xcassets; sourceTree = "<group>"; };
		AB5FD1CC1EDF597000AC2A9D /* Base */ = {isa = PBXFileReference; lastKnownFileType = file.storyboard; name = Base; path = Base.lproj/LaunchScreen.storyboard; sourceTree = "<group>"; };
		AB5FD1CE1EDF597000AC2A9D /* Info.plist */ = {isa = PBXFileReference; lastKnownFileType = text.plist.xml; path = Info.plist; sourceTree = "<group>"; };
		AB5FD1D41EDF59D800AC2A9D /* BoxView.xib */ = {isa = PBXFileReference; fileEncoding = 4; lastKnownFileType = file.xib; path = BoxView.xib; sourceTree = "<group>"; };
		AB5FD1D61EDF5CDE00AC2A9D /* BoxView.swift */ = {isa = PBXFileReference; fileEncoding = 4; lastKnownFileType = sourcecode.swift; path = BoxView.swift; sourceTree = "<group>"; };
		AB5FD1D81EDF5D4F00AC2A9D /* ThreeBoxTableViewCell.xib */ = {isa = PBXFileReference; fileEncoding = 4; lastKnownFileType = file.xib; path = ThreeBoxTableViewCell.xib; sourceTree = "<group>"; };
		AB5FD1DA1EDF5E7A00AC2A9D /* ThreeBoxCell.swift */ = {isa = PBXFileReference; fileEncoding = 4; lastKnownFileType = sourcecode.swift; path = ThreeBoxCell.swift; sourceTree = "<group>"; };
		AB5FD1DC1EDF768C00AC2A9D /* NameAndAmountCell.xib */ = {isa = PBXFileReference; fileEncoding = 4; lastKnownFileType = file.xib; path = NameAndAmountCell.xib; sourceTree = "<group>"; };
		AB5FD1DE1EDF777500AC2A9D /* NameAndAmountCell.swift */ = {isa = PBXFileReference; fileEncoding = 4; lastKnownFileType = sourcecode.swift; path = NameAndAmountCell.swift; sourceTree = "<group>"; };
		AB5FD1E01EDF79EF00AC2A9D /* SectionHeaderView.xib */ = {isa = PBXFileReference; fileEncoding = 4; lastKnownFileType = file.xib; path = SectionHeaderView.xib; sourceTree = "<group>"; };
		AB5FD1E21EDF7CBA00AC2A9D /* SectionHeaderView.swift */ = {isa = PBXFileReference; fileEncoding = 4; lastKnownFileType = sourcecode.swift; path = SectionHeaderView.swift; sourceTree = "<group>"; };
		AB5FD1E41EDF7D4200AC2A9D /* BasicCell.xib */ = {isa = PBXFileReference; fileEncoding = 4; lastKnownFileType = file.xib; path = BasicCell.xib; sourceTree = "<group>"; };
		AB5FD1E61EDF7F6500AC2A9D /* BasicCell.swift */ = {isa = PBXFileReference; fileEncoding = 4; lastKnownFileType = sourcecode.swift; path = BasicCell.swift; sourceTree = "<group>"; };
		AB5FD1E81EDF90B800AC2A9D /* CreditBreakdownCell.xib */ = {isa = PBXFileReference; fileEncoding = 4; lastKnownFileType = file.xib; path = CreditBreakdownCell.xib; sourceTree = "<group>"; };
		AB5FD1EA1EDF95F000AC2A9D /* CreditCircleView.xib */ = {isa = PBXFileReference; fileEncoding = 4; lastKnownFileType = file.xib; path = CreditCircleView.xib; sourceTree = "<group>"; };
		AB5FD1EC1EDF98D900AC2A9D /* CreditCircleView.swift */ = {isa = PBXFileReference; fileEncoding = 4; lastKnownFileType = sourcecode.swift; path = CreditCircleView.swift; sourceTree = "<group>"; };
		AB5FD1EE1EDFA62C00AC2A9D /* CreditBreakdownCell.swift */ = {isa = PBXFileReference; fileEncoding = 4; lastKnownFileType = sourcecode.swift; path = CreditBreakdownCell.swift; sourceTree = "<group>"; };
		AB5FD1F01EE05D1600AC2A9D /* MaturityGraphCell.xib */ = {isa = PBXFileReference; fileEncoding = 4; lastKnownFileType = file.xib; path = MaturityGraphCell.xib; sourceTree = "<group>"; };
		AB5FD1F21EE05DF700AC2A9D /* MaturityGraphCell.swift */ = {isa = PBXFileReference; fileEncoding = 4; lastKnownFileType = sourcecode.swift; path = MaturityGraphCell.swift; sourceTree = "<group>"; };
		AB5FD1F41EE05FB500AC2A9D /* BondPositionCell.xib */ = {isa = PBXFileReference; fileEncoding = 4; lastKnownFileType = file.xib; path = BondPositionCell.xib; sourceTree = "<group>"; };
		AB5FD1F61EE0601F00AC2A9D /* BondPositionCell.swift */ = {isa = PBXFileReference; fileEncoding = 4; lastKnownFileType = sourcecode.swift; path = BondPositionCell.swift; sourceTree = "<group>"; };
		AB5FD1F81EE39A6600AC2A9D /* GraphViewSingleBarView.xib */ = {isa = PBXFileReference; fileEncoding = 4; lastKnownFileType = file.xib; path = GraphViewSingleBarView.xib; sourceTree = "<group>"; };
		AB5FD1FA1EE39BA900AC2A9D /* GraphViewSingleBarView.swift */ = {isa = PBXFileReference; fileEncoding = 4; lastKnownFileType = sourcecode.swift; path = GraphViewSingleBarView.swift; sourceTree = "<group>"; };
		AB5FD1FC1EE39E0700AC2A9D /* GraphView.xib */ = {isa = PBXFileReference; fileEncoding = 4; lastKnownFileType = file.xib; path = GraphView.xib; sourceTree = "<group>"; };
		AB5FD1FE1EE39FF600AC2A9D /* GraphView.swift */ = {isa = PBXFileReference; fileEncoding = 4; lastKnownFileType = sourcecode.swift; path = GraphView.swift; sourceTree = "<group>"; };
		AB5FD2001EE3A16500AC2A9D /* GraphData.swift */ = {isa = PBXFileReference; fileEncoding = 4; lastKnownFileType = sourcecode.swift; path = GraphData.swift; sourceTree = "<group>"; };
		AB5FD2051EE457E000AC2A9D /* BondPositionInnerBox.xib */ = {isa = PBXFileReference; fileEncoding = 4; lastKnownFileType = file.xib; path = BondPositionInnerBox.xib; sourceTree = "<group>"; };
		AB5FD2071EE458DA00AC2A9D /* BondPositionInnerBox.swift */ = {isa = PBXFileReference; fileEncoding = 4; lastKnownFileType = sourcecode.swift; path = BondPositionInnerBox.swift; sourceTree = "<group>"; };
/* End PBXFileReference section */

/* Begin PBXFrameworksBuildPhase section */
		AB5FD1BC1EDF597000AC2A9D /* Frameworks */ = {
			isa = PBXFrameworksBuildPhase;
			buildActionMask = 2147483647;
			files = (
			);
			runOnlyForDeploymentPostprocessing = 0;
		};
/* End PBXFrameworksBuildPhase section */

/* Begin PBXGroup section */
		AB5FD1B61EDF597000AC2A9D = {
			isa = PBXGroup;
			children = (
				AB5FD1C11EDF597000AC2A9D /* EV Ladder Demo */,
				AB5FD1C01EDF597000AC2A9D /* Products */,
			);
			sourceTree = "<group>";
		};
		AB5FD1C01EDF597000AC2A9D /* Products */ = {
			isa = PBXGroup;
			children = (
				AB5FD1BF1EDF597000AC2A9D /* EV Ladder Demo.app */,
			);
			name = Products;
			sourceTree = "<group>";
		};
		AB5FD1C11EDF597000AC2A9D /* EV Ladder Demo */ = {
			isa = PBXGroup;
			children = (
				AB5FD1C21EDF597000AC2A9D /* AppDelegate.swift */,
				AB5FD1C41EDF597000AC2A9D /* PortfolioVC.swift */,
				AB5FD1C61EDF597000AC2A9D /* Main.storyboard */,
				AB5FD1D41EDF59D800AC2A9D /* BoxView.xib */,
				AB5FD1D61EDF5CDE00AC2A9D /* BoxView.swift */,
				AB5FD2001EE3A16500AC2A9D /* GraphData.swift */,
				AB5FD1DA1EDF5E7A00AC2A9D /* ThreeBoxCell.swift */,
				AB5FD1D81EDF5D4F00AC2A9D /* ThreeBoxTableViewCell.xib */,
				AB5FD1DC1EDF768C00AC2A9D /* NameAndAmountCell.xib */,
				AB5FD1DE1EDF777500AC2A9D /* NameAndAmountCell.swift */,
				AB5FD1E01EDF79EF00AC2A9D /* SectionHeaderView.xib */,
				AB5FD1E41EDF7D4200AC2A9D /* BasicCell.xib */,
				AB5FD1E61EDF7F6500AC2A9D /* BasicCell.swift */,
				AB5FD1E21EDF7CBA00AC2A9D /* SectionHeaderView.swift */,
				AB5FD2031EE4577C00AC2A9D /* Credit Breakdown */,
				AB5FD2021EE4575500AC2A9D /* Graph */,
				AB5FD2041EE4579E00AC2A9D /* Bond Position */,
				AB5FD1C91EDF597000AC2A9D /* Assets.xcassets */,
				AB5FD1CB1EDF597000AC2A9D /* LaunchScreen.storyboard */,
				AB5FD1CE1EDF597000AC2A9D /* Info.plist */,
			);
			path = "EV Ladder Demo";
			sourceTree = "<group>";
		};
		AB5FD2021EE4575500AC2A9D /* Graph */ = {
			isa = PBXGroup;
			children = (
				AB5FD1F01EE05D1600AC2A9D /* MaturityGraphCell.xib */,
				AB5FD1F21EE05DF700AC2A9D /* MaturityGraphCell.swift */,
				AB5FD1FC1EE39E0700AC2A9D /* GraphView.xib */,
				AB5FD1FE1EE39FF600AC2A9D /* GraphView.swift */,
				AB5FD1F81EE39A6600AC2A9D /* GraphViewSingleBarView.xib */,
				AB5FD1FA1EE39BA900AC2A9D /* GraphViewSingleBarView.swift */,
			);
			name = Graph;
			sourceTree = "<group>";
		};
		AB5FD2031EE4577C00AC2A9D /* Credit Breakdown */ = {
			isa = PBXGroup;
			children = (
				AB5FD1E81EDF90B800AC2A9D /* CreditBreakdownCell.xib */,
				AB5FD1EE1EDFA62C00AC2A9D /* CreditBreakdownCell.swift */,
				AB5FD1EA1EDF95F000AC2A9D /* CreditCircleView.xib */,
				AB5FD1EC1EDF98D900AC2A9D /* CreditCircleView.swift */,
			);
			name = "Credit Breakdown";
			sourceTree = "<group>";
		};
		AB5FD2041EE4579E00AC2A9D /* Bond Position */ = {
			isa = PBXGroup;
			children = (
				AB5FD1F41EE05FB500AC2A9D /* BondPositionCell.xib */,
				AB5FD1F61EE0601F00AC2A9D /* BondPositionCell.swift */,
				AB5FD2051EE457E000AC2A9D /* BondPositionInnerBox.xib */,
				AB5FD2071EE458DA00AC2A9D /* BondPositionInnerBox.swift */,
			);
			name = "Bond Position";
			sourceTree = "<group>";
		};
/* End PBXGroup section */

/* Begin PBXNativeTarget section */
		AB5FD1BE1EDF597000AC2A9D /* EV Ladder Demo */ = {
			isa = PBXNativeTarget;
			buildConfigurationList = AB5FD1D11EDF597000AC2A9D /* Build configuration list for PBXNativeTarget "EV Ladder Demo" */;
			buildPhases = (
				AB5FD1BB1EDF597000AC2A9D /* Sources */,
				AB5FD1BC1EDF597000AC2A9D /* Frameworks */,
				AB5FD1BD1EDF597000AC2A9D /* Resources */,
			);
			buildRules = (
			);
			dependencies = (
			);
			name = "EV Ladder Demo";
			productName = "EV Ladder Demo";
			productReference = AB5FD1BF1EDF597000AC2A9D /* EV Ladder Demo.app */;
			productType = "com.apple.product-type.application";
		};
/* End PBXNativeTarget section */

/* Begin PBXProject section */
		AB5FD1B71EDF597000AC2A9D /* Project object */ = {
			isa = PBXProject;
			attributes = {
				LastSwiftUpdateCheck = 0830;
				LastUpgradeCheck = 0830;
				ORGANIZATIONNAME = Clouser;
				TargetAttributes = {
					AB5FD1BE1EDF597000AC2A9D = {
						CreatedOnToolsVersion = 8.3.2;
						DevelopmentTeam = WGMLG78T9W;
						ProvisioningStyle = Automatic;
					};
				};
			};
			buildConfigurationList = AB5FD1BA1EDF597000AC2A9D /* Build configuration list for PBXProject "EV Ladder Demo" */;
			compatibilityVersion = "Xcode 3.2";
			developmentRegion = English;
			hasScannedForEncodings = 0;
			knownRegions = (
				en,
				Base,
			);
			mainGroup = AB5FD1B61EDF597000AC2A9D;
			productRefGroup = AB5FD1C01EDF597000AC2A9D /* Products */;
			projectDirPath = "";
			projectRoot = "";
			targets = (
				AB5FD1BE1EDF597000AC2A9D /* EV Ladder Demo */,
			);
		};
/* End PBXProject section */

/* Begin PBXResourcesBuildPhase section */
		AB5FD1BD1EDF597000AC2A9D /* Resources */ = {
			isa = PBXResourcesBuildPhase;
			buildActionMask = 2147483647;
			files = (
				AB5FD1E91EDF90B800AC2A9D /* CreditBreakdownCell.xib in Resources */,
				AB5FD1E51EDF7D4200AC2A9D /* BasicCell.xib in Resources */,
				AB5FD2061EE457E000AC2A9D /* BondPositionInnerBox.xib in Resources */,
				AB5FD1D51EDF59D800AC2A9D /* BoxView.xib in Resources */,
				AB5FD1FD1EE39E0700AC2A9D /* GraphView.xib in Resources */,
				AB5FD1CD1EDF597000AC2A9D /* LaunchScreen.storyboard in Resources */,
				AB5FD1D91EDF5D4F00AC2A9D /* ThreeBoxTableViewCell.xib in Resources */,
				AB5FD1F51EE05FB500AC2A9D /* BondPositionCell.xib in Resources */,
				AB5FD1CA1EDF597000AC2A9D /* Assets.xcassets in Resources */,
				AB5FD1DD1EDF768C00AC2A9D /* NameAndAmountCell.xib in Resources */,
				AB5FD1F11EE05D1600AC2A9D /* MaturityGraphCell.xib in Resources */,
				AB5FD1C81EDF597000AC2A9D /* Main.storyboard in Resources */,
				AB5FD1F91EE39A6600AC2A9D /* GraphViewSingleBarView.xib in Resources */,
				AB5FD1E11EDF79EF00AC2A9D /* SectionHeaderView.xib in Resources */,
				AB5FD1EB1EDF95F000AC2A9D /* CreditCircleView.xib in Resources */,
			);
			runOnlyForDeploymentPostprocessing = 0;
		};
/* End PBXResourcesBuildPhase section */

/* Begin PBXSourcesBuildPhase section */
		AB5FD1BB1EDF597000AC2A9D /* Sources */ = {
			isa = PBXSourcesBuildPhase;
			buildActionMask = 2147483647;
			files = (
				AB5FD1C51EDF597000AC2A9D /* PortfolioVC.swift in Sources */,
				AB5FD1ED1EDF98D900AC2A9D /* CreditCircleView.swift in Sources */,
				AB5FD1FB1EE39BA900AC2A9D /* GraphViewSingleBarView.swift in Sources */,
				AB5FD1E31EDF7CBA00AC2A9D /* SectionHeaderView.swift in Sources */,
				AB5FD1C31EDF597000AC2A9D /* AppDelegate.swift in Sources */,
				AB5FD1DB1EDF5E7A00AC2A9D /* ThreeBoxCell.swift in Sources */,
				AB5FD2081EE458DA00AC2A9D /* BondPositionInnerBox.swift in Sources */,
				AB5FD1FF1EE39FF600AC2A9D /* GraphView.swift in Sources */,
				AB5FD1F31EE05DF700AC2A9D /* MaturityGraphCell.swift in Sources */,
				AB5FD1DF1EDF777500AC2A9D /* NameAndAmountCell.swift in Sources */,
				AB5FD1F71EE0601F00AC2A9D /* BondPositionCell.swift in Sources */,
				AB5FD2011EE3A16500AC2A9D /* GraphData.swift in Sources */,
				AB5FD1EF1EDFA62C00AC2A9D /* CreditBreakdownCell.swift in Sources */,
				AB5FD1E71EDF7F6500AC2A9D /* BasicCell.swift in Sources */,
				AB5FD1D71EDF5CDE00AC2A9D /* BoxView.swift in Sources */,
			);
			runOnlyForDeploymentPostprocessing = 0;
		};
/* End PBXSourcesBuildPhase section */

/* Begin PBXVariantGroup section */
		AB5FD1C61EDF597000AC2A9D /* Main.storyboard */ = {
			isa = PBXVariantGroup;
			children = (
				AB5FD1C71EDF597000AC2A9D /* Base */,
			);
			name = Main.storyboard;
			sourceTree = "<group>";
		};
		AB5FD1CB1EDF597000AC2A9D /* LaunchScreen.storyboard */ = {
			isa = PBXVariantGroup;
			children = (
				AB5FD1CC1EDF597000AC2A9D /* Base */,
			);
			name = LaunchScreen.storyboard;
			sourceTree = "<group>";
		};
/* End PBXVariantGroup section */

/* Begin XCBuildConfiguration section */
		AB5FD1CF1EDF597000AC2A9D /* Debug */ = {
			isa = XCBuildConfiguration;
			buildSettings = {
				ALWAYS_SEARCH_USER_PATHS = NO;
				CLANG_ANALYZER_NONNULL = YES;
				CLANG_ANALYZER_NUMBER_OBJECT_CONVERSION = YES_AGGRESSIVE;
				CLANG_CXX_LANGUAGE_STANDARD = "gnu++0x";
				CLANG_CXX_LIBRARY = "libc++";
				CLANG_ENABLE_MODULES = YES;
				CLANG_ENABLE_OBJC_ARC = YES;
				CLANG_WARN_BOOL_CONVERSION = YES;
				CLANG_WARN_CONSTANT_CONVERSION = YES;
				CLANG_WARN_DIRECT_OBJC_ISA_USAGE = YES_ERROR;
				CLANG_WARN_DOCUMENTATION_COMMENTS = YES;
				CLANG_WARN_EMPTY_BODY = YES;
				CLANG_WARN_ENUM_CONVERSION = YES;
				CLANG_WARN_INFINITE_RECURSION = YES;
				CLANG_WARN_INT_CONVERSION = YES;
				CLANG_WARN_OBJC_ROOT_CLASS = YES_ERROR;
				CLANG_WARN_SUSPICIOUS_MOVE = YES;
				CLANG_WARN_UNREACHABLE_CODE = YES;
				CLANG_WARN__DUPLICATE_METHOD_MATCH = YES;
				"CODE_SIGN_IDENTITY[sdk=iphoneos*]" = "iPhone Developer";
				COPY_PHASE_STRIP = NO;
				DEBUG_INFORMATION_FORMAT = dwarf;
				ENABLE_STRICT_OBJC_MSGSEND = YES;
				ENABLE_TESTABILITY = YES;
				GCC_C_LANGUAGE_STANDARD = gnu99;
				GCC_DYNAMIC_NO_PIC = NO;
				GCC_NO_COMMON_BLOCKS = YES;
				GCC_OPTIMIZATION_LEVEL = 0;
				GCC_PREPROCESSOR_DEFINITIONS = (
					"DEBUG=1",
					"$(inherited)",
				);
				GCC_WARN_64_TO_32_BIT_CONVERSION = YES;
				GCC_WARN_ABOUT_RETURN_TYPE = YES_ERROR;
				GCC_WARN_UNDECLARED_SELECTOR = YES;
				GCC_WARN_UNINITIALIZED_AUTOS = YES_AGGRESSIVE;
				GCC_WARN_UNUSED_FUNCTION = YES;
				GCC_WARN_UNUSED_VARIABLE = YES;
				IPHONEOS_DEPLOYMENT_TARGET = 10.3;
				MTL_ENABLE_DEBUG_INFO = YES;
				ONLY_ACTIVE_ARCH = YES;
				SDKROOT = iphoneos;
				SWIFT_ACTIVE_COMPILATION_CONDITIONS = DEBUG;
				SWIFT_OPTIMIZATION_LEVEL = "-Onone";
			};
			name = Debug;
		};
		AB5FD1D01EDF597000AC2A9D /* Release */ = {
			isa = XCBuildConfiguration;
			buildSettings = {
				ALWAYS_SEARCH_USER_PATHS = NO;
				CLANG_ANALYZER_NONNULL = YES;
				CLANG_ANALYZER_NUMBER_OBJECT_CONVERSION = YES_AGGRESSIVE;
				CLANG_CXX_LANGUAGE_STANDARD = "gnu++0x";
				CLANG_CXX_LIBRARY = "libc++";
				CLANG_ENABLE_MODULES = YES;
				CLANG_ENABLE_OBJC_ARC = YES;
				CLANG_WARN_BOOL_CONVERSION = YES;
				CLANG_WARN_CONSTANT_CONVERSION = YES;
				CLANG_WARN_DIRECT_OBJC_ISA_USAGE = YES_ERROR;
				CLANG_WARN_DOCUMENTATION_COMMENTS = YES;
				CLANG_WARN_EMPTY_BODY = YES;
				CLANG_WARN_ENUM_CONVERSION = YES;
				CLANG_WARN_INFINITE_RECURSION = YES;
				CLANG_WARN_INT_CONVERSION = YES;
				CLANG_WARN_OBJC_ROOT_CLASS = YES_ERROR;
				CLANG_WARN_SUSPICIOUS_MOVE = YES;
				CLANG_WARN_UNREACHABLE_CODE = YES;
				CLANG_WARN__DUPLICATE_METHOD_MATCH = YES;
				"CODE_SIGN_IDENTITY[sdk=iphoneos*]" = "iPhone Developer";
				COPY_PHASE_STRIP = NO;
				DEBUG_INFORMATION_FORMAT = "dwarf-with-dsym";
				ENABLE_NS_ASSERTIONS = NO;
				ENABLE_STRICT_OBJC_MSGSEND = YES;
				GCC_C_LANGUAGE_STANDARD = gnu99;
				GCC_NO_COMMON_BLOCKS = YES;
				GCC_WARN_64_TO_32_BIT_CONVERSION = YES;
				GCC_WARN_ABOUT_RETURN_TYPE = YES_ERROR;
				GCC_WARN_UNDECLARED_SELECTOR = YES;
				GCC_WARN_UNINITIALIZED_AUTOS = YES_AGGRESSIVE;
				GCC_WARN_UNUSED_FUNCTION = YES;
				GCC_WARN_UNUSED_VARIABLE = YES;
				IPHONEOS_DEPLOYMENT_TARGET = 10.3;
				MTL_ENABLE_DEBUG_INFO = NO;
				SDKROOT = iphoneos;
				SWIFT_OPTIMIZATION_LEVEL = "-Owholemodule";
				VALIDATE_PRODUCT = YES;
			};
			name = Release;
		};
		AB5FD1D21EDF597000AC2A9D /* Debug */ = {
			isa = XCBuildConfiguration;
			buildSettings = {
				ASSETCATALOG_COMPILER_APPICON_NAME = AppIcon;
				DEVELOPMENT_TEAM = WGMLG78T9W;
				INFOPLIST_FILE = "EV Ladder Demo/Info.plist";
				IPHONEOS_DEPLOYMENT_TARGET = 10.0;
				LD_RUNPATH_SEARCH_PATHS = "$(inherited) @executable_path/Frameworks";
				PRODUCT_BUNDLE_IDENTIFIER = "com.clouser-theQwiz.EV-Ladder-Demo";
				PRODUCT_NAME = "$(TARGET_NAME)";
				SWIFT_VERSION = 3.0;
			};
			name = Debug;
		};
		AB5FD1D31EDF597000AC2A9D /* Release */ = {
			isa = XCBuildConfiguration;
			buildSettings = {
				ASSETCATALOG_COMPILER_APPICON_NAME = AppIcon;
				DEVELOPMENT_TEAM = WGMLG78T9W;
				INFOPLIST_FILE = "EV Ladder Demo/Info.plist";
				IPHONEOS_DEPLOYMENT_TARGET = 10.0;
				LD_RUNPATH_SEARCH_PATHS = "$(inherited) @executable_path/Frameworks";
				PRODUCT_BUNDLE_IDENTIFIER = "com.clouser-theQwiz.EV-Ladder-Demo";
				PRODUCT_NAME = "$(TARGET_NAME)";
				SWIFT_VERSION = 3.0;
			};
			name = Release;
		};
/* End XCBuildConfiguration section */

/* Begin XCConfigurationList section */
		AB5FD1BA1EDF597000AC2A9D /* Build configuration list for PBXProject "EV Ladder Demo" */ = {
			isa = XCConfigurationList;
			buildConfigurations = (
				AB5FD1CF1EDF597000AC2A9D /* Debug */,
				AB5FD1D01EDF597000AC2A9D /* Release */,
			);
			defaultConfigurationIsVisible = 0;
			defaultConfigurationName = Release;
		};
		AB5FD1D11EDF597000AC2A9D /* Build configuration list for PBXNativeTarget "EV Ladder Demo" */ = {
			isa = XCConfigurationList;
			buildConfigurations = (
				AB5FD1D21EDF597000AC2A9D /* Debug */,
				AB5FD1D31EDF597000AC2A9D /* Release */,
			);
			defaultConfigurationIsVisible = 0;
			defaultConfigurationName = Release;
		};
/* End XCConfigurationList section */
	};
	rootObject = AB5FD1B71EDF597000AC2A9D /* Project object */;
}
